
Microsoft Visual Studio Solution File, Format Version 12.00
# Visual Studio Version 16
VisualStudioVersion = 16.0.31702.278
MinimumVisualStudioVersion = 10.0.40219.1
Project("{9A19103F-16F7-4668-BE54-9A1E7A4F7556}") = "CsvImporter", "CsvImporter\CsvImporter.csproj", "{54C3CE8B-5895-4AF2-8B5E-F1439795A54F}"
EndProject
Project("{9A19103F-16F7-4668-BE54-9A1E7A4F7556}") = "CsvImporter.Test", "CsvImporter.Test\CsvImporter.Test.csproj", "{919AE3E2-28D9-4F68-B04A-F3E86A66DD0E}"
EndProject
Global
	GlobalSection(SolutionConfigurationPlatforms) = preSolution
		Debug|Any CPU = Debug|Any CPU
		Release|Any CPU = Release|Any CPU
	EndGlobalSection
	GlobalSection(ProjectConfigurationPlatforms) = postSolution
		{54C3CE8B-5895-4AF2-8B5E-F1439795A54F}.Debug|Any CPU.ActiveCfg = Debug|Any CPU
		{54C3CE8B-5895-4AF2-8B5E-F1439795A54F}.Debug|Any CPU.Build.0 = Debug|Any CPU
		{54C3CE8B-5895-4AF2-8B5E-F1439795A54F}.Release|Any CPU.ActiveCfg = Release|Any CPU
		{54C3CE8B-5895-4AF2-8B5E-F1439795A54F}.Release|Any CPU.Build.0 = Release|Any CPU
		{919AE3E2-28D9-4F68-B04A-F3E86A66DD0E}.Debug|Any CPU.ActiveCfg = Debug|Any CPU
		{919AE3E2-28D9-4F68-B04A-F3E86A66DD0E}.Debug|Any CPU.Build.0 = Debug|Any CPU
		{919AE3E2-28D9-4F68-B04A-F3E86A66DD0E}.Release|Any CPU.ActiveCfg = Release|Any CPU
		{919AE3E2-28D9-4F68-B04A-F3E86A66DD0E}.Release|Any CPU.Build.0 = Release|Any CPU
	EndGlobalSection
	GlobalSection(SolutionProperties) = preSolution
		HideSolutionNode = FALSE
	EndGlobalSection
	GlobalSection(ExtensibilityGlobals) = postSolution
		SolutionGuid = {4C6FEE71-0E00-4225-8F3B-BCE3808B191C}
	EndGlobalSection
EndGlobal
